
Microsoft Visual Studio Solution File, Format Version 12.00
# Visual Studio Version 16
VisualStudioVersion = 16.0.30204.135
MinimumVisualStudioVersion = 10.0.40219.1
Project("{FAE04EC0-301F-11D3-BF4B-00C04F79EFBC}") = "Lab3", "Lab3\Lab3.csproj", "{837AEED1-2AF4-464F-83D6-BA7419AACDB9}"
EndProject
Global
	GlobalSection(SolutionConfigurationPlatforms) = preSolution
		Debug|Any CPU = Debug|Any CPU
		Release|Any CPU = Release|Any CPU
	EndGlobalSection
	GlobalSection(ProjectConfigurationPlatforms) = postSolution
		{837AEED1-2AF4-464F-83D6-BA7419AACDB9}.Debug|Any CPU.ActiveCfg = Debug|Any CPU
		{837AEED1-2AF4-464F-83D6-BA7419AACDB9}.Debug|Any CPU.Build.0 = Debug|Any CPU
		{837AEED1-2AF4-464F-83D6-BA7419AACDB9}.Release|Any CPU.ActiveCfg = Release|Any CPU
		{837AEED1-2AF4-464F-83D6-BA7419AACDB9}.Release|Any CPU.Build.0 = Release|Any CPU
	EndGlobalSection
	GlobalSection(SolutionProperties) = preSolution
		HideSolutionNode = FALSE
	EndGlobalSection
	GlobalSection(ExtensibilityGlobals) = postSolution
		SolutionGuid = {46EAD7EE-3357-4C22-BE28-5BDFC588D42D}
	EndGlobalSection
EndGlobal
